
Microsoft Visual Studio Solution File, Format Version 12.00
# Visual Studio Version 17
VisualStudioVersion = 17.8.34330.188
MinimumVisualStudioVersion = 10.0.40219.1
Project("{9A19103F-16F7-4668-BE54-9A1E7A4F7556}") = "MiniBus", "src\MiniBus\MiniBus.csproj", "{C1F043F5-20BC-4D74-A64B-1013D2EE7DE1}"
EndProject
Project("{FAE04EC0-301F-11D3-BF4B-00C04F79EFBC}") = "MiniBus.Sample", "src\MiniBus.Sample\MiniBus.Sample.csproj", "{367CAB86-77AE-4BDA-8EEA-59F66FFF16AD}"
EndProject
Project("{9A19103F-16F7-4668-BE54-9A1E7A4F7556}") = "MiniBus.Tests", "src\MiniBus.Tests\MiniBus.Tests.csproj", "{5F4116D2-8AB2-4A3F-940F-113761150E19}"
EndProject
Global
	GlobalSection(SolutionConfigurationPlatforms) = preSolution
		Debug|Any CPU = Debug|Any CPU
		Release|Any CPU = Release|Any CPU
	EndGlobalSection
	GlobalSection(ProjectConfigurationPlatforms) = postSolution
		{C1F043F5-20BC-4D74-A64B-1013D2EE7DE1}.Debug|Any CPU.ActiveCfg = Debug|Any CPU
		{C1F043F5-20BC-4D74-A64B-1013D2EE7DE1}.Debug|Any CPU.Build.0 = Debug|Any CPU
		{C1F043F5-20BC-4D74-A64B-1013D2EE7DE1}.Release|Any CPU.ActiveCfg = Release|Any CPU
		{C1F043F5-20BC-4D74-A64B-1013D2EE7DE1}.Release|Any CPU.Build.0 = Release|Any CPU
		{367CAB86-77AE-4BDA-8EEA-59F66FFF16AD}.Debug|Any CPU.ActiveCfg = Debug|Any CPU
		{367CAB86-77AE-4BDA-8EEA-59F66FFF16AD}.Debug|Any CPU.Build.0 = Debug|Any CPU
		{367CAB86-77AE-4BDA-8EEA-59F66FFF16AD}.Release|Any CPU.ActiveCfg = Release|Any CPU
		{367CAB86-77AE-4BDA-8EEA-59F66FFF16AD}.Release|Any CPU.Build.0 = Release|Any CPU
		{5F4116D2-8AB2-4A3F-940F-113761150E19}.Debug|Any CPU.ActiveCfg = Debug|Any CPU
		{5F4116D2-8AB2-4A3F-940F-113761150E19}.Debug|Any CPU.Build.0 = Debug|Any CPU
		{5F4116D2-8AB2-4A3F-940F-113761150E19}.Release|Any CPU.ActiveCfg = Release|Any CPU
		{5F4116D2-8AB2-4A3F-940F-113761150E19}.Release|Any CPU.Build.0 = Release|Any CPU
	EndGlobalSection
	GlobalSection(SolutionProperties) = preSolution
		HideSolutionNode = FALSE
	EndGlobalSection
	GlobalSection(ExtensibilityGlobals) = postSolution
		SolutionGuid = {3E74C6BF-5541-4BD6-8ABA-E6684319E067}
	EndGlobalSection
EndGlobal
